
Microsoft Visual Studio Solution File, Format Version 12.00
# Visual Studio Version 16
VisualStudioVersion = 16.0.29709.97
MinimumVisualStudioVersion = 10.0.40219.1
Project("{FAE04EC0-301F-11D3-BF4B-00C04F79EFBC}") = "UpdateManager.Sample", "UpdateManager.Sample\UpdateManager.Sample.csproj", "{D03650D7-39E3-4424-88FB-9B537DC2B98A}"
EndProject
Project("{FAE04EC0-301F-11D3-BF4B-00C04F79EFBC}") = "UpdateManager.Sample.WPF", "UpdateManager.Sample.WPF\UpdateManager.Sample.WPF.csproj", "{C9F196C9-2FF0-4DD2-9E8E-A7CFACBD2ECF}"
EndProject
Project("{9A19103F-16F7-4668-BE54-9A1E7A4F7556}") = "UpdateManager", "UpdateManager\UpdateManager.csproj", "{2A14F99D-81A1-432D-80DA-6471EDA85AAA}"
EndProject
Project("{FAE04EC0-301F-11D3-BF4B-00C04F79EFBC}") = "UpdateManager.Extensions.Framework", "UpdateManager.Extensions.Framework\UpdateManager.Extensions.Framework.csproj", "{60EA74AD-AE82-4259-BA77-780C4BF9527D}"
EndProject
Global
	GlobalSection(SolutionConfigurationPlatforms) = preSolution
		Debug|Any CPU = Debug|Any CPU
		Release|Any CPU = Release|Any CPU
	EndGlobalSection
	GlobalSection(ProjectConfigurationPlatforms) = postSolution
		{D03650D7-39E3-4424-88FB-9B537DC2B98A}.Debug|Any CPU.ActiveCfg = Debug|Any CPU
		{D03650D7-39E3-4424-88FB-9B537DC2B98A}.Debug|Any CPU.Build.0 = Debug|Any CPU
		{D03650D7-39E3-4424-88FB-9B537DC2B98A}.Release|Any CPU.ActiveCfg = Release|Any CPU
		{D03650D7-39E3-4424-88FB-9B537DC2B98A}.Release|Any CPU.Build.0 = Release|Any CPU
		{C9F196C9-2FF0-4DD2-9E8E-A7CFACBD2ECF}.Debug|Any CPU.ActiveCfg = Debug|Any CPU
		{C9F196C9-2FF0-4DD2-9E8E-A7CFACBD2ECF}.Debug|Any CPU.Build.0 = Debug|Any CPU
		{C9F196C9-2FF0-4DD2-9E8E-A7CFACBD2ECF}.Release|Any CPU.ActiveCfg = Release|Any CPU
		{C9F196C9-2FF0-4DD2-9E8E-A7CFACBD2ECF}.Release|Any CPU.Build.0 = Release|Any CPU
		{2A14F99D-81A1-432D-80DA-6471EDA85AAA}.Debug|Any CPU.ActiveCfg = Debug|Any CPU
		{2A14F99D-81A1-432D-80DA-6471EDA85AAA}.Debug|Any CPU.Build.0 = Debug|Any CPU
		{2A14F99D-81A1-432D-80DA-6471EDA85AAA}.Release|Any CPU.ActiveCfg = Release|Any CPU
		{2A14F99D-81A1-432D-80DA-6471EDA85AAA}.Release|Any CPU.Build.0 = Release|Any CPU
		{60EA74AD-AE82-4259-BA77-780C4BF9527D}.Debug|Any CPU.ActiveCfg = Debug|Any CPU
		{60EA74AD-AE82-4259-BA77-780C4BF9527D}.Debug|Any CPU.Build.0 = Debug|Any CPU
		{60EA74AD-AE82-4259-BA77-780C4BF9527D}.Release|Any CPU.ActiveCfg = Release|Any CPU
		{60EA74AD-AE82-4259-BA77-780C4BF9527D}.Release|Any CPU.Build.0 = Release|Any CPU
	EndGlobalSection
	GlobalSection(SolutionProperties) = preSolution
		HideSolutionNode = FALSE
	EndGlobalSection
	GlobalSection(ExtensibilityGlobals) = postSolution
		SolutionGuid = {2598BA8F-2BCF-42AE-8F01-9F4303AEACBE}
	EndGlobalSection
EndGlobal
